
Microsoft Visual Studio Solution File, Format Version 11.00
# Visual Studio 2010
Project("{8BC9CEB8-8B4A-11D0-8D11-00A0C91BC942}") = "socket", "socket\socket.vcxproj", "{E5370A37-1753-47A4-8850-980AC9ECFD63}"
EndProject
Global
	GlobalSection(SolutionConfigurationPlatforms) = preSolution
		Debug|Win32 = Debug|Win32
		Release|Win32 = Release|Win32
	EndGlobalSection
	GlobalSection(ProjectConfigurationPlatforms) = postSolution
		{E5370A37-1753-47A4-8850-980AC9ECFD63}.Debug|Win32.ActiveCfg = Debug|Win32
		{E5370A37-1753-47A4-8850-980AC9ECFD63}.Debug|Win32.Build.0 = Debug|Win32
		{E5370A37-1753-47A4-8850-980AC9ECFD63}.Release|Win32.ActiveCfg = Release|Win32
		{E5370A37-1753-47A4-8850-980AC9ECFD63}.Release|Win32.Build.0 = Release|Win32
	EndGlobalSection
	GlobalSection(SolutionProperties) = preSolution
		HideSolutionNode = FALSE
	EndGlobalSection
EndGlobal
