
Microsoft Visual Studio Solution File, Format Version 11.00
# Visual Studio 2010
Project("{8BC9CEB8-8B4A-11D0-8D11-00A0C91BC942}") = "multimedia", "multimedia\multimedia.vcxproj", "{E951B493-D765-4582-A3B7-5B3B66493F8C}"
EndProject
Global
	GlobalSection(SolutionConfigurationPlatforms) = preSolution
		Debug|Win32 = Debug|Win32
		Release|Win32 = Release|Win32
	EndGlobalSection
	GlobalSection(ProjectConfigurationPlatforms) = postSolution
		{E951B493-D765-4582-A3B7-5B3B66493F8C}.Debug|Win32.ActiveCfg = Debug|Win32
		{E951B493-D765-4582-A3B7-5B3B66493F8C}.Debug|Win32.Build.0 = Debug|Win32
		{E951B493-D765-4582-A3B7-5B3B66493F8C}.Release|Win32.ActiveCfg = Release|Win32
		{E951B493-D765-4582-A3B7-5B3B66493F8C}.Release|Win32.Build.0 = Release|Win32
	EndGlobalSection
	GlobalSection(SolutionProperties) = preSolution
		HideSolutionNode = FALSE
	EndGlobalSection
EndGlobal
